// !$*UTF8*$!
{
	archiveVersion = 1;
	classes = {
	};
	objectVersion = 46;
	objects = {

/* Begin PBXBuildFile section */
		27D4F4331BED747600C15668 /* RNSimpleSound.h in CopyFiles */ = {isa = PBXBuildFile; fileRef = 27D4F4321BED747600C15668 /* RNSimpleSound.h */; };
		27D4F43B1BED767D00C15668 /* RNSimpleSound.m in Sources */ = {isa = PBXBuildFile; fileRef = 27D4F4341BED747600C15668 /* RNSimpleSound.m */; };
/* End PBXBuildFile section */

/* Begin PBXCopyFilesBuildPhase section */
		27D4F42D1BED747600C15668 /* CopyFiles */ = {
			isa = PBXCopyFilesBuildPhase;
			buildActionMask = 2147483647;
			dstPath = "include/$(PRODUCT_NAME)";
			dstSubfolderSpec = 16;
			files = (
				27D4F4331BED747600C15668 /* RNSimpleSound.h in CopyFiles */,
			);
			runOnlyForDeploymentPostprocessing = 0;
		};
/* End PBXCopyFilesBuildPhase section */

/* Begin PBXFileReference section */
		27D4F42F1BED747600C15668 /* libRNSimpleSound.a */ = {isa = PBXFileReference; explicitFileType = archive.ar; includeInIndex = 0; path = libRNSimpleSound.a; sourceTree = BUILT_PRODUCTS_DIR; };
		27D4F4321BED747600C15668 /* RNSimpleSound.h */ = {isa = PBXFileReference; lastKnownFileType = sourcecode.c.h; path = RNSimpleSound.h; sourceTree = "<group>"; };
		27D4F4341BED747600C15668 /* RNSimpleSound.m */ = {isa = PBXFileReference; lastKnownFileType = sourcecode.c.objc; path = RNSimpleSound.m; sourceTree = "<group>"; };
/* End PBXFileReference section */

/* Begin PBXFrameworksBuildPhase section */
		27D4F42C1BED747600C15668 /* Frameworks */ = {
			isa = PBXFrameworksBuildPhase;
			buildActionMask = 2147483647;
			files = (
			);
			runOnlyForDeploymentPostprocessing = 0;
		};
/* End PBXFrameworksBuildPhase section */

/* Begin PBXGroup section */
		27D4F4261BED747600C15668 = {
			isa = PBXGroup;
			children = (
				27D4F4311BED747600C15668 /* RNSimpleSound */,
				27D4F4301BED747600C15668 /* Products */,
			);
			sourceTree = "<group>";
		};
		27D4F4301BED747600C15668 /* Products */ = {
			isa = PBXGroup;
			children = (
				27D4F42F1BED747600C15668 /* libRNSimpleSound.a */,
			);
			name = Products;
			sourceTree = "<group>";
		};
		27D4F4311BED747600C15668 /* RNSimpleSound */ = {
			isa = PBXGroup;
			children = (
				27D4F4321BED747600C15668 /* RNSimpleSound.h */,
				27D4F4341BED747600C15668 /* RNSimpleSound.m */,
			);
			path = RNSimpleSound;
			sourceTree = "<group>";
		};
/* End PBXGroup section */

/* Begin PBXNativeTarget section */
		27D4F42E1BED747600C15668 /* RNSimpleSound */ = {
			isa = PBXNativeTarget;
			buildConfigurationList = 27D4F4381BED747600C15668 /* Build configuration list for PBXNativeTarget "RNSimpleSound" */;
			buildPhases = (
				27D4F42B1BED747600C15668 /* Sources */,
				27D4F42C1BED747600C15668 /* Frameworks */,
				27D4F42D1BED747600C15668 /* CopyFiles */,
			);
			buildRules = (
			);
			dependencies = (
			);
			name = RNSimpleSound;
			productName = RNSimpleSound;
			productReference = 27D4F42F1BED747600C15668 /* libRNSimpleSound.a */;
			productType = "com.apple.product-type.library.static";
		};
/* End PBXNativeTarget section */

/* Begin PBXProject section */
		27D4F4271BED747600C15668 /* Project object */ = {
			isa = PBXProject;
			attributes = {
				LastUpgradeCheck = 0710;
				ORGANIZATIONNAME = mikehedman;
				TargetAttributes = {
					27D4F42E1BED747600C15668 = {
						CreatedOnToolsVersion = 7.1;
					};
				};
			};
			buildConfigurationList = 27D4F42A1BED747600C15668 /* Build configuration list for PBXProject "RNSimpleSound" */;
			compatibilityVersion = "Xcode 3.2";
			developmentRegion = English;
			hasScannedForEncodings = 0;
			knownRegions = (
				en,
			);
			mainGroup = 27D4F4261BED747600C15668;
			productRefGroup = 27D4F4301BED747600C15668 /* Products */;
			projectDirPath = "";
			projectRoot = "";
			targets = (
				27D4F42E1BED747600C15668 /* RNSimpleSound */,
			);
		};
/* End PBXProject section */

/* Begin PBXSourcesBuildPhase section */
		27D4F42B1BED747600C15668 /* Sources */ = {
			isa = PBXSourcesBuildPhase;
			buildActionMask = 2147483647;
			files = (
				27D4F43B1BED767D00C15668 /* RNSimpleSound.m in Sources */,
			);
			runOnlyForDeploymentPostprocessing = 0;
		};
/* End PBXSourcesBuildPhase section */

/* Begin XCBuildConfiguration section */
		27D4F4361BED747600C15668 /* Debug */ = {
			isa = XCBuildConfiguration;
			buildSettings = {
				ALWAYS_SEARCH_USER_PATHS = NO;
				CLANG_CXX_LANGUAGE_STANDARD = "gnu++0x";
				CLANG_CXX_LIBRARY = "libc++";
				CLANG_ENABLE_MODULES = YES;
				CLANG_ENABLE_OBJC_ARC = YES;
				CLANG_WARN_BOOL_CONVERSION = YES;
				CLANG_WARN_CONSTANT_CONVERSION = YES;
				CLANG_WARN_DIRECT_OBJC_ISA_USAGE = YES_ERROR;
				CLANG_WARN_EMPTY_BODY = YES;
				CLANG_WARN_ENUM_CONVERSION = YES;
				CLANG_WARN_INT_CONVERSION = YES;
				CLANG_WARN_OBJC_ROOT_CLASS = YES_ERROR;
				CLANG_WARN_UNREACHABLE_CODE = YES;
				CLANG_WARN__DUPLICATE_METHOD_MATCH = YES;
				"CODE_SIGN_IDENTITY[sdk=iphoneos*]" = "iPhone Developer";
				COPY_PHASE_STRIP = NO;
				DEBUG_INFORMATION_FORMAT = dwarf;
				ENABLE_STRICT_OBJC_MSGSEND = YES;
				ENABLE_TESTABILITY = YES;
				GCC_C_LANGUAGE_STANDARD = gnu99;
				GCC_DYNAMIC_NO_PIC = NO;
				GCC_NO_COMMON_BLOCKS = YES;
				GCC_OPTIMIZATION_LEVEL = 0;
				GCC_PREPROCESSOR_DEFINITIONS = (
					"DEBUG=1",
					"$(inherited)",
				);
				GCC_WARN_64_TO_32_BIT_CONVERSION = YES;
				GCC_WARN_ABOUT_RETURN_TYPE = YES_ERROR;
				GCC_WARN_UNDECLARED_SELECTOR = YES;
				GCC_WARN_UNINITIALIZED_AUTOS = YES_AGGRESSIVE;
				GCC_WARN_UNUSED_FUNCTION = YES;
				GCC_WARN_UNUSED_VARIABLE = YES;
				IPHONEOS_DEPLOYMENT_TARGET = 9.1;
				MTL_ENABLE_DEBUG_INFO = YES;
				ONLY_ACTIVE_ARCH = YES;
				SDKROOT = iphoneos;
			};
			name = Debug;
		};
		27D4F4371BED747600C15668 /* Release */ = {
			isa = XCBuildConfiguration;
			buildSettings = {
				ALWAYS_SEARCH_USER_PATHS = NO;
				CLANG_CXX_LANGUAGE_STANDARD = "gnu++0x";
				CLANG_CXX_LIBRARY = "libc++";
				CLANG_ENABLE_MODULES = YES;
				CLANG_ENABLE_OBJC_ARC = YES;
				CLANG_WARN_BOOL_CONVERSION = YES;
				CLANG_WARN_CONSTANT_CONVERSION = YES;
				CLANG_WARN_DIRECT_OBJC_ISA_USAGE = YES_ERROR;
				CLANG_WARN_EMPTY_BODY = YES;
				CLANG_WARN_ENUM_CONVERSION = YES;
				CLANG_WARN_INT_CONVERSION = YES;
				CLANG_WARN_OBJC_ROOT_CLASS = YES_ERROR;
				CLANG_WARN_UNREACHABLE_CODE = YES;
				CLANG_WARN__DUPLICATE_METHOD_MATCH = YES;
				"CODE_SIGN_IDENTITY[sdk=iphoneos*]" = "iPhone Developer";
				COPY_PHASE_STRIP = NO;
				DEBUG_INFORMATION_FORMAT = "dwarf-with-dsym";
				ENABLE_NS_ASSERTIONS = NO;
				ENABLE_STRICT_OBJC_MSGSEND = YES;
				GCC_C_LANGUAGE_STANDARD = gnu99;
				GCC_NO_COMMON_BLOCKS = YES;
				GCC_WARN_64_TO_32_BIT_CONVERSION = YES;
				GCC_WARN_ABOUT_RETURN_TYPE = YES_ERROR;
				GCC_WARN_UNDECLARED_SELECTOR = YES;
				GCC_WARN_UNINITIALIZED_AUTOS = YES_AGGRESSIVE;
				GCC_WARN_UNUSED_FUNCTION = YES;
				GCC_WARN_UNUSED_VARIABLE = YES;
				IPHONEOS_DEPLOYMENT_TARGET = 9.1;
				MTL_ENABLE_DEBUG_INFO = NO;
				SDKROOT = iphoneos;
				VALIDATE_PRODUCT = YES;
			};
			name = Release;
		};
		27D4F4391BED747600C15668 /* Debug */ = {
			isa = XCBuildConfiguration;
			buildSettings = {
				"HEADER_SEARCH_PATHS[arch=*]" = (
					"$(SRCROOT)/../react-native/React/**",
					"$(SRCROOT)/../../React/**",
				);
				OTHER_LDFLAGS = "-ObjC";
				PRODUCT_NAME = "$(TARGET_NAME)";
				SKIP_INSTALL = YES;
			};
			name = Debug;
		};
		27D4F43A1BED747600C15668 /* Release */ = {
			isa = XCBuildConfiguration;
			buildSettings = {
				"HEADER_SEARCH_PATHS[arch=*]" = (
					"$(SRCROOT)/../react-native/React/**",
					"$(SRCROOT)/../../React/**",
				);
				OTHER_LDFLAGS = "-ObjC";
				PRODUCT_NAME = "$(TARGET_NAME)";
				SKIP_INSTALL = YES;
			};
			name = Release;
		};
/* End XCBuildConfiguration section */

/* Begin XCConfigurationList section */
		27D4F42A1BED747600C15668 /* Build configuration list for PBXProject "RNSimpleSound" */ = {
			isa = XCConfigurationList;
			buildConfigurations = (
				27D4F4361BED747600C15668 /* Debug */,
				27D4F4371BED747600C15668 /* Release */,
			);
			defaultConfigurationIsVisible = 0;
			defaultConfigurationName = Release;
		};
		27D4F4381BED747600C15668 /* Build configuration list for PBXNativeTarget "RNSimpleSound" */ = {
			isa = XCConfigurationList;
			buildConfigurations = (
				27D4F4391BED747600C15668 /* Debug */,
				27D4F43A1BED747600C15668 /* Release */,
			);
			defaultConfigurationIsVisible = 0;
			defaultConfigurationName = Release;
		};
/* End XCConfigurationList section */
	};
	rootObject = 27D4F4271BED747600C15668 /* Project object */;
}
